Microsoft Visual Studio Solution File, Format Version 12.00
# Visual Studio Version 17
VisualStudioVersion = 17.5.2.0
MinimumVisualStudioVersion = 10.0.40219.1
Project("{FAE04EC0-301F-11D3-BF4B-00C04F79EFBC}") = "lab1v20", "lab1v20\lab1v20.csproj", "{8971E054-3D46-A68A-760B-3A7A3F0063B1}"
EndProject
Global
	GlobalSection(SolutionConfigurationPlatforms) = preSolution
		Debug|Any CPU = Debug|Any CPU
		Release|Any CPU = Release|Any CPU
	EndGlobalSection
	GlobalSection(ProjectConfigurationPlatforms) = postSolution
		{8971E054-3D46-A68A-760B-3A7A3F0063B1}.Debug|Any CPU.ActiveCfg = Debug|Any CPU
		{8971E054-3D46-A68A-760B-3A7A3F0063B1}.Debug|Any CPU.Build.0 = Debug|Any CPU
		{8971E054-3D46-A68A-760B-3A7A3F0063B1}.Release|Any CPU.ActiveCfg = Release|Any CPU
		{8971E054-3D46-A68A-760B-3A7A3F0063B1}.Release|Any CPU.Build.0 = Release|Any CPU
	EndGlobalSection
	GlobalSection(SolutionProperties) = preSolution
		HideSolutionNode = FALSE
	EndGlobalSection
	GlobalSection(ExtensibilityGlobals) = postSolution
		SolutionGuid = {E5A04290-0AA3-4785-8024-741EAEAC410B}
	EndGlobalSection
EndGlobal
