
Microsoft Visual Studio Solution File, Format Version 12.00
# Visual Studio Version 17
VisualStudioVersion = 17.0.31903.59
MinimumVisualStudioVersion = 10.0.40219.1
Project("{FAE04EC0-301F-11D3-BF4B-00C04F79EFBC}") = "lab31v10", "lab31v10\lab31v10.csproj", "{BB6A5C6C-BF02-4205-8A5E-98CE20116D00}"
EndProject
Project("{FAE04EC0-301F-11D3-BF4B-00C04F79EFBC}") = "lab31v10.Tests", "lab31v10.Tests\lab31v10.Tests.csproj", "{C6DCFDB4-2561-4729-A742-B16AD7C7E474}"
EndProject
Global
	GlobalSection(SolutionConfigurationPlatforms) = preSolution
		Debug|Any CPU = Debug|Any CPU
		Debug|x64 = Debug|x64
		Debug|x86 = Debug|x86
		Release|Any CPU = Release|Any CPU
		Release|x64 = Release|x64
		Release|x86 = Release|x86
	EndGlobalSection
	GlobalSection(ProjectConfigurationPlatforms) = postSolution
		{BB6A5C6C-BF02-4205-8A5E-98CE20116D00}.Debug|Any CPU.ActiveCfg = Debug|Any CPU
		{BB6A5C6C-BF02-4205-8A5E-98CE20116D00}.Debug|Any CPU.Build.0 = Debug|Any CPU
		{BB6A5C6C-BF02-4205-8A5E-98CE20116D00}.Debug|x64.ActiveCfg = Debug|Any CPU
		{BB6A5C6C-BF02-4205-8A5E-98CE20116D00}.Debug|x64.Build.0 = Debug|Any CPU
		{BB6A5C6C-BF02-4205-8A5E-98CE20116D00}.Debug|x86.ActiveCfg = Debug|Any CPU
		{BB6A5C6C-BF02-4205-8A5E-98CE20116D00}.Debug|x86.Build.0 = Debug|Any CPU
		{BB6A5C6C-BF02-4205-8A5E-98CE20116D00}.Release|Any CPU.ActiveCfg = Release|Any CPU
		{BB6A5C6C-BF02-4205-8A5E-98CE20116D00}.Release|Any CPU.Build.0 = Release|Any CPU
		{BB6A5C6C-BF02-4205-8A5E-98CE20116D00}.Release|x64.ActiveCfg = Release|Any CPU
		{BB6A5C6C-BF02-4205-8A5E-98CE20116D00}.Release|x64.Build.0 = Release|Any CPU
		{BB6A5C6C-BF02-4205-8A5E-98CE20116D00}.Release|x86.ActiveCfg = Release|Any CPU
		{BB6A5C6C-BF02-4205-8A5E-98CE20116D00}.Release|x86.Build.0 = Release|Any CPU
		{C6DCFDB4-2561-4729-A742-B16AD7C7E474}.Debug|Any CPU.ActiveCfg = Debug|Any CPU
		{C6DCFDB4-2561-4729-A742-B16AD7C7E474}.Debug|Any CPU.Build.0 = Debug|Any CPU
		{C6DCFDB4-2561-4729-A742-B16AD7C7E474}.Debug|x64.ActiveCfg = Debug|Any CPU
		{C6DCFDB4-2561-4729-A742-B16AD7C7E474}.Debug|x64.Build.0 = Debug|Any CPU
		{C6DCFDB4-2561-4729-A742-B16AD7C7E474}.Debug|x86.ActiveCfg = Debug|Any CPU
		{C6DCFDB4-2561-4729-A742-B16AD7C7E474}.Debug|x86.Build.0 = Debug|Any CPU
		{C6DCFDB4-2561-4729-A742-B16AD7C7E474}.Release|Any CPU.ActiveCfg = Release|Any CPU
		{C6DCFDB4-2561-4729-A742-B16AD7C7E474}.Release|Any CPU.Build.0 = Release|Any CPU
		{C6DCFDB4-2561-4729-A742-B16AD7C7E474}.Release|x64.ActiveCfg = Release|Any CPU
		{C6DCFDB4-2561-4729-A742-B16AD7C7E474}.Release|x64.Build.0 = Release|Any CPU
		{C6DCFDB4-2561-4729-A742-B16AD7C7E474}.Release|x86.ActiveCfg = Release|Any CPU
		{C6DCFDB4-2561-4729-A742-B16AD7C7E474}.Release|x86.Build.0 = Release|Any CPU
	EndGlobalSection
	GlobalSection(SolutionProperties) = preSolution
		HideSolutionNode = FALSE
	EndGlobalSection
EndGlobal
